version = 1
revision = 3
requires-python = "==3.10.*"

[manifest]
members = [
    "app",
    "shared",
]

[[package]]
name = "annotated-types"
version = "0.7.0"
source = { registry = "https://pypi.org/simple" }
sdist = { url = "https://files.pythonhosted.org/packages/ee/67/531ea369ba64dcff5ec9c3402f9f51bf748cec26dde048a2f973a4eea7f5/annotated_types-0.7.0.tar.gz", hash = "sha256:aff07c09a53a08bc8cfccb9c85b05f1aa9a2a6f23728d790723543408344ce89", size = 16081, upload-time = "2024-05-20T21:33:25.928Z" }
wheels = [
    { url = "https://files.pythonhosted.org/packages/78/b6/6307fbef88d9b5ee7421e68d78a9f162e0da4900bc5f5793f6d3d0e34fb8/annotated_types-0.7.0-py3-none-any.whl", hash = "sha256:1f02e8b43a8fbbc3f3e0d4f0f4bfc8131bcb4eebe8849b8e5c773f3a1c582a53", size = 13643, upload-time = "2024-05-20T21:33:24.1Z" },
]

[[package]]
name = "app"
version = "0.1.0"
source = { virtual = "apps/backend" }
dependencies = [
    { name = "broker-ai" },
    { name = "pandas" },
    { name = "pendulum" },
    { name = "pydantic" },
    { name = "pyotp" },
    { name = "pyyaml" },
    { name = "shared" },
    { name = "toolkit" },
]

[package.dev-dependencies]
dev = [
    { name = "pytest" },
]

[package.metadata]
requires-dist = [
    { name = "broker-ai", git = "https://github.com/pannet1/broker-ai" },
    { name = "pandas", specifier = ">=2" },
    { name = "pendulum", specifier = ">=3" },
    { name = "pydantic", specifier = ">=2.13.4" },
    { name = "pyotp", specifier = ">=2.9.0" },
    { name = "pyyaml", specifier = ">=6.0.3" },
    { name = "shared", editable = "packages/shared" },
    { name = "toolkit", git = "https://github.com/pannet1/toolkit" },
]

[package.metadata.requires-dev]
dev = [{ name = "pytest", specifier = ">=8" }]

[[package]]
name = "broker-ai"
version = "0.1.0"
source = { git = "https://github.com/pannet1/broker-ai#ce686730b8f8175224e0f174504dafd023443a9d" }
dependencies = [
    { name = "delta-rest-client" },
    { name = "norenrestapioauth" },
    { name = "pandas" },
    { name = "pendulum" },
    { name = "pyyaml" },
    { name = "requests" },
    { name = "websocket-client" },
]

[[package]]
name = "certifi"
version = "2026.5.20"
source = { registry = "https://pypi.org/simple" }
sdist = { url = "https://files.pythonhosted.org/packages/f3/ce/ee2ecad540810a79593028e88299baeae54d346cc7a0d94b6199988b89b1/certifi-2026.5.20.tar.gz", hash = "sha256:69dea482ab64caa7b9f6aba1c6bf48bb6a5448d1c0f1b17ab42ad8c763a5344d", size = 135422, upload-time = "2026-05-20T11:46:50.073Z" }
wheels = [
    { url = "https://files.pythonhosted.org/packages/59/8c/57e832b7af6d7c5abe66eb3fbe3a3a32f4d11ea23a1aa7131371035be991/certifi-2026.5.20-py3-none-any.whl", hash = "sha256:3c52e209ba0a4ad7aebe60436a4ab349c39e1e602e8c134221e546902ad25897", size = 134134, upload-time = "2026-05-20T11:46:48.578Z" },
]

[[package]]
name = "charset-normalizer"
version = "3.4.7"
source = { registry = "https://pypi.org/simple" }
sdist = { url = "https://files.pythonhosted.org/packages/e7/a1/67fe25fac3c7642725500a3f6cfe5821ad557c3abb11c9d20d12c7008d3e/charset_normalizer-3.4.7.tar.gz", hash = "sha256:ae89db9e5f98a11a4bf50407d4363e7b09b31e55bc117b4f7d80aab97ba009e5", size = 144271, upload-time = "2026-04-02T09:28:39.342Z" }
wheels = [
    { url = "https://files.pythonhosted.org/packages/26/08/0f303cb0b529e456bb116f2d50565a482694fbb94340bf56d44677e7ed03/charset_normalizer-3.4.7-cp310-cp310-macosx_10_9_universal2.whl", hash = "sha256:cdd68a1fb318e290a2077696b7eb7a21a49163c455979c639bf5a5dcdc46617d", size = 315182, upload-time = "2026-04-02T09:25:40.673Z" },
    { url = "https://files.pythonhosted.org/packages/24/47/b192933e94b546f1b1fe4df9cc1f84fcdbf2359f8d1081d46dd029b50207/charset_normalizer-3.4.7-cp310-cp310-manylinux2014_aarch64.manylinux_2_17_aarch64.manylinux_2_28_aarch64.whl", hash = "sha256:e17b8d5d6a8c47c85e68ca8379def1303fd360c3e22093a807cd34a71cd082b8", size = 209329, upload-time = "2026-04-02T09:25:42.354Z" },
    { url = "https://files.pythonhosted.org/packages/c2/b4/01fa81c5ca6141024d89a8fc15968002b71da7f825dd14113207113fabbd/charset_normalizer-3.4.7-cp310-cp310-manylinux2014_ppc64le.manylinux_2_17_ppc64le.manylinux_2_28_ppc64le.whl", hash = "sha256:511ef87c8aec0783e08ac18565a16d435372bc1ac25a91e6ac7f5ef2b0bff790", size = 231230, upload-time = "2026-04-02T09:25:44.281Z" },
    { url = "https://files.pythonhosted.org/packages/20/f7/7b991776844dfa058017e600e6e55ff01984a063290ca5622c0b63162f68/charset_normalizer-3.4.7-cp310-cp310-manylinux2014_s390x.manylinux_2_17_s390x.manylinux_2_28_s390x.whl", hash = "sha256:007d05ec7321d12a40227aae9e2bc6dca73f3cb21058999a1df9e193555a9dcc", size = 225890, upload-time = "2026-04-02T09:25:45.475Z" },
    { url = "https://files.pythonhosted.org/packages/20/e7/bed0024a0f4ab0c8a9c64d4445f39b30c99bd1acd228291959e3de664247/charset_normalizer-3.4.7-cp310-cp310-manylinux2014_x86_64.manylinux_2_17_x86_64.manylinux_2_28_x86_64.whl", hash = "sha256:cf29836da5119f3c8a8a70667b0ef5fdca3bb12f80fd06487cfa575b3909b393", size = 216930, upload-time = "2026-04-02T09:25:46.58Z" },
    { url = "https://files.pythonhosted.org/packages/e2/ab/b18f0ab31cdd7b3ddb8bb76c4a414aeb8160c9810fdf1bc62f269a539d87/charset_normalizer-3.4.7-cp310-cp310-manylinux_2_31_armv7l.whl", hash = "sha256:12d8baf840cc7889b37c7c770f478adea7adce3dcb3944d02ec87508e2dcf153", size = 202109, upload-time = "2026-04-02T09:25:48.031Z" },
    { url = "https://files.pythonhosted.org/packages/82/e5/7e9440768a06dfb3075936490cb82dbf0ee20a133bf0dd8551fa096914ec/charset_normalizer-3.4.7-cp310-cp310-manylinux_2_31_riscv64.manylinux_2_39_riscv64.whl", hash = "sha256:d560742f3c0d62afaccf9f41fe485ed69bd7661a241f86a3ef0f0fb8b1a397af", size = 214684, upload-time = "2026-04-02T09:25:49.245Z" },
    { url = "https://files.pythonhosted.org/packages/71/94/8c61d8da9f062fdf457c80acfa25060ec22bf1d34bbeaca4350f13bcfd07/charset_normalizer-3.4.7-cp310-cp310-musllinux_1_2_aarch64.whl", hash = "sha256:b14b2d9dac08e28bb8046a1a0434b1750eb221c8f5b87a68f4fa11a6f97b5e34", size = 212785, upload-time = "2026-04-02T09:25:50.671Z" },
    { url = "https://files.pythonhosted.org/packages/66/cd/6e9889c648e72c0ab2e5967528bb83508f354d706637bc7097190c874e13/charset_normalizer-3.4.7-cp310-cp310-musllinux_1_2_armv7l.whl", hash = "sha256:bc17a677b21b3502a21f66a8cc64f5bfad4df8a0b8434d661666f8ce90ac3af1", size = 203055, upload-time = "2026-04-02T09:25:51.802Z" },
    { url = "https://files.pythonhosted.org/packages/92/2e/7a951d6a08aefb7eb8e1b54cdfb580b1365afdd9dd484dc4bee9e5d8f258/charset_normalizer-3.4.7-cp310-cp310-musllinux_1_2_ppc64le.whl", hash = "sha256:750e02e074872a3fad7f233b47734166440af3cdea0add3e95163110816d6752", size = 232502, upload-time = "2026-04-02T09:25:53.388Z" },
    { url = "https://files.pythonhosted.org/packages/58/d5/abcf2d83bf8e0a1286df55cd0dc1d49af0da4282aa77e986df343e7de124/charset_normalizer-3.4.7-cp310-cp310-musllinux_1_2_riscv64.whl", hash = "sha256:4e5163c14bffd570ef2affbfdd77bba66383890797df43dc8b4cc7d6f500bf53", size = 214295, upload-time = "2026-04-02T09:25:54.765Z" },
    { url = "https://files.pythonhosted.org/packages/47/3a/7d4cd7ed54be99973a0dc176032cba5cb1f258082c31fa6df35cff46acfc/charset_normalizer-3.4.7-cp310-cp310-musllinux_1_2_s390x.whl", hash = "sha256:6ed74185b2db44f41ef35fd1617c5888e59792da9bbc9190d6c7300617182616", size = 227145, upload-time = "2026-04-02T09:25:55.904Z" },
    { url = "https://files.pythonhosted.org/packages/1d/98/3a45bf8247889cf28262ebd3d0872edff11565b2a1e3064ccb132db3fbb0/charset_normalizer-3.4.7-cp310-cp310-musllinux_1_2_x86_64.whl", hash = "sha256:94e1885b270625a9a828c9793b4d52a64445299baa1fea5a173bf1d3dd9a1a5a", size = 218884, upload-time = "2026-04-02T09:25:57.074Z" },
    { url = "https://files.pythonhosted.org/packages/ad/80/2e8b7f8915ed5c9ef13aa828d82738e33888c485b65ebf744d615040c7ea/charset_normalizer-3.4.7-cp310-cp310-win32.whl", hash = "sha256:6785f414ae0f3c733c437e0f3929197934f526d19dfaa75e18fdb4f94c6fb374", size = 148343, upload-time = "2026-04-02T09:25:58.199Z" },
    { url = "https://files.pythonhosted.org/packages/35/1b/3b8c8c77184af465ee9ad88b5aea46ea6b2e1f7b9dc9502891e37af21e30/charset_normalizer-3.4.7-cp310-cp310-win_amd64.whl", hash = "sha256:6696b7688f54f5af4462118f0bfa7c1621eeb87154f77fa04b9295ce7a8f2943", size = 159174, upload-time = "2026-04-02T09:25:59.322Z" },
    { url = "https://files.pythonhosted.org/packages/be/c1/feb40dca40dbb21e0a908801782d9288c64fc8d8e562c2098e9994c8c21b/charset_normalizer-3.4.7-cp310-cp310-win_arm64.whl", hash = "sha256:66671f93accb62ed07da56613636f3641f1a12c13046ce91ffc923721f23c008", size = 147805, upload-time = "2026-04-02T09:26:00.756Z" },
    { url = "https://files.pythonhosted.org/packages/db/8f/61959034484a4a7c527811f4721e75d02d653a35afb0b6054474d8185d4c/charset_normalizer-3.4.7-py3-none-any.whl", hash = "sha256:3dce51d0f5e7951f8bb4900c257dad282f49190fdbebecd4ba99bcc41fef404d", size = 61958, upload-time = "2026-04-02T09:28:37.794Z" },
]

[[package]]
name = "colorama"
version = "0.4.6"
source = { registry = "https://pypi.org/simple" }
sdist = { url = "https://files.pythonhosted.org/packages/d8/53/6f443c9a4a8358a93a6792e2acffb9d9d5cb0a5cfd8802644b7b1c9a02e4/colorama-0.4.6.tar.gz", hash = "sha256:08695f5cb7ed6e0531a20572697297273c47b8cae5a63ffc6d6ed5c201be6e44", size = 27697, upload-time = "2022-10-25T02:36:22.414Z" }
wheels = [
    { url = "https://files.pythonhosted.org/packages/d1/d6/3965ed04c63042e047cb6a3e6ed1a63a35087b6a609aa3a15ed8ac56c221/colorama-0.4.6-py2.py3-none-any.whl", hash = "sha256:4f1d9991f5acc0ca119f9d443620b77f9d6b33703e51011c16baf57afb285fc6", size = 25335, upload-time = "2022-10-25T02:36:20.889Z" },
]

[[package]]
name = "delta-rest-client"
version = "1.0.14"
source = { registry = "https://pypi.org/simple" }
sdist = { url = "https://files.pythonhosted.org/packages/48/94/fcb6f1530f96973f6356a31bdda6b456cb7bc070bb671e890a3e8ff36f53/delta_rest_client-1.0.14.tar.gz", hash = "sha256:d350340961d7867796fea1e5873d5982dda7d1f7c528d60ae60da0dd5d7f0cc6", size = 9027, upload-time = "2026-04-23T10:51:24.456Z" }
wheels = [
    { url = "https://files.pythonhosted.org/packages/2e/72/12415938f2161273f910278b20faa3c50ff3711580eb249b168b76a01d1e/delta_rest_client-1.0.14-py3-none-any.whl", hash = "sha256:54cfdd74e6842f08c14a4e0100a529a36003d65dc84649b7b4ca43b4b8b1c587", size = 7699, upload-time = "2026-04-23T10:51:23.082Z" },
]

[[package]]
name = "exceptiongroup"
version = "1.3.1"
source = { registry = "https://pypi.org/simple" }
dependencies = [
    { name = "typing-extensions" },
]
sdist = { url = "https://files.pythonhosted.org/packages/50/79/66800aadf48771f6b62f7eb014e352e5d06856655206165d775e675a02c9/exceptiongroup-1.3.1.tar.gz", hash = "sha256:8b412432c6055b0b7d14c310000ae93352ed6754f70fa8f7c34141f91c4e3219", size = 30371, upload-time = "2025-11-21T23:01:54.787Z" }
wheels = [
    { url = "https://files.pythonhosted.org/packages/8a/0e/97c33bf5009bdbac74fd2beace167cab3f978feb69cc36f1ef79360d6c4e/exceptiongroup-1.3.1-py3-none-any.whl", hash = "sha256:a7a39a3bd276781e98394987d3a5701d0c4edffb633bb7a5144577f82c773598", size = 16740, upload-time = "2025-11-21T23:01:53.443Z" },
]

[[package]]
name = "idna"
version = "3.16"
source = { registry = "https://pypi.org/simple" }
sdist = { url = "https://files.pythonhosted.org/packages/1a/88/bcf9709822fe69d02c2a6a77956c98ce6ea8ca8767a9aadcedc7eb6a2390/idna-3.16.tar.gz", hash = "sha256:d7a6da03db833450fca25d2358ac9ff06cd624577a4aea3a596d5c0f77b8e03d", size = 203770, upload-time = "2026-05-22T00:16:18.781Z" }
wheels = [
    { url = "https://files.pythonhosted.org/packages/94/16/70255075a9859a0e3adb789b68ceb0e210dec03934245fd98d248226572f/idna-3.16-py3-none-any.whl", hash = "sha256:cc246e3a3f89580c3a951b5ad298ca4638078b2cdd4f115654332b5c26daded5", size = 74165, upload-time = "2026-05-22T00:16:16.698Z" },
]

[[package]]
name = "iniconfig"
version = "2.3.0"
source = { registry = "https://pypi.org/simple" }
sdist = { url = "https://files.pythonhosted.org/packages/72/34/14ca021ce8e5dfedc35312d08ba8bf51fdd999c576889fc2c24cb97f4f10/iniconfig-2.3.0.tar.gz", hash = "sha256:c76315c77db068650d49c5b56314774a7804df16fee4402c1f19d6d15d8c4730", size = 20503, upload-time = "2025-10-18T21:55:43.219Z" }
wheels = [
    { url = "https://files.pythonhosted.org/packages/cb/b1/3846dd7f199d53cb17f49cba7e651e9ce294d8497c8c150530ed11865bb8/iniconfig-2.3.0-py3-none-any.whl", hash = "sha256:f631c04d2c48c52b84d0d0549c99ff3859c98df65b3101406327ecc7d53fbf12", size = 7484, upload-time = "2025-10-18T21:55:41.639Z" },
]

[[package]]
name = "norenrestapioauth"
version = "0.0.38"
source = { registry = "https://pypi.org/simple" }
dependencies = [
    { name = "pandas" },
    { name = "pyyaml" },
    { name = "requests" },
    { name = "websocket-client" },
]
wheels = [
    { url = "https://files.pythonhosted.org/packages/6f/01/081d23168ed6467cda89c03003a227ae4893484d726489a662c61b636da1/norenrestapioauth-0.0.38-py2.py3-none-any.whl", hash = "sha256:17a748d2488da5ca175a210b7ffee1cb82b23f5cc1d1f5fb96f1aedd2c44476c", size = 23642, upload-time = "2026-04-13T12:35:17.174Z" },
]

[[package]]
name = "numpy"
version = "2.2.6"
source = { registry = "https://pypi.org/simple" }
sdist = { url = "https://files.pythonhosted.org/packages/76/21/7d2a95e4bba9dc13d043ee156a356c0a8f0c6309dff6b21b4d71a073b8a8/numpy-2.2.6.tar.gz", hash = "sha256:e29554e2bef54a90aa5cc07da6ce955accb83f21ab5de01a62c8478897b264fd", size = 20276440, upload-time = "2025-05-17T22:38:04.611Z" }
wheels = [
    { url = "https://files.pythonhosted.org/packages/9a/3e/ed6db5be21ce87955c0cbd3009f2803f59fa08df21b5df06862e2d8e2bdd/numpy-2.2.6-cp310-cp310-macosx_10_9_x86_64.whl", hash = "sha256:b412caa66f72040e6d268491a59f2c43bf03eb6c96dd8f0307829feb7fa2b6fb", size = 21165245, upload-time = "2025-05-17T21:27:58.555Z" },
    { url = "https://files.pythonhosted.org/packages/22/c2/4b9221495b2a132cc9d2eb862e21d42a009f5a60e45fc44b00118c174bff/numpy-2.2.6-cp310-cp310-macosx_11_0_arm64.whl", hash = "sha256:8e41fd67c52b86603a91c1a505ebaef50b3314de0213461c7a6e99c9a3beff90", size = 14360048, upload-time = "2025-05-17T21:28:21.406Z" },
    { url = "https://files.pythonhosted.org/packages/fd/77/dc2fcfc66943c6410e2bf598062f5959372735ffda175b39906d54f02349/numpy-2.2.6-cp310-cp310-macosx_14_0_arm64.whl", hash = "sha256:37e990a01ae6ec7fe7fa1c26c55ecb672dd98b19c3d0e1d1f326fa13cb38d163", size = 5340542, upload-time = "2025-05-17T21:28:30.931Z" },
    { url = "https://files.pythonhosted.org/packages/7a/4f/1cb5fdc353a5f5cc7feb692db9b8ec2c3d6405453f982435efc52561df58/numpy-2.2.6-cp310-cp310-macosx_14_0_x86_64.whl", hash = "sha256:5a6429d4be8ca66d889b7cf70f536a397dc45ba6faeb5f8c5427935d9592e9cf", size = 6878301, upload-time = "2025-05-17T21:28:41.613Z" },
    { url = "https://files.pythonhosted.org/packages/eb/17/96a3acd228cec142fcb8723bd3cc39c2a474f7dcf0a5d16731980bcafa95/numpy-2.2.6-cp310-cp310-manylinux_2_17_aarch64.manylinux2014_aarch64.whl", hash = "sha256:efd28d4e9cd7d7a8d39074a4d44c63eda73401580c5c76acda2ce969e0a38e83", size = 14297320, upload-time = "2025-05-17T21:29:02.78Z" },
    { url = "https://files.pythonhosted.org/packages/b4/63/3de6a34ad7ad6646ac7d2f55ebc6ad439dbbf9c4370017c50cf403fb19b5/numpy-2.2.6-cp310-cp310-manylinux_2_17_x86_64.manylinux2014_x86_64.whl", hash = "sha256:fc7b73d02efb0e18c000e9ad8b83480dfcd5dfd11065997ed4c6747470ae8915", size = 16801050, upload-time = "2025-05-17T21:29:27.675Z" },
    { url = "https://files.pythonhosted.org/packages/07/b6/89d837eddef52b3d0cec5c6ba0456c1bf1b9ef6a6672fc2b7873c3ec4e2e/numpy-2.2.6-cp310-cp310-musllinux_1_2_aarch64.whl", hash = "sha256:74d4531beb257d2c3f4b261bfb0fc09e0f9ebb8842d82a7b4209415896adc680", size = 15807034, upload-time = "2025-05-17T21:29:51.102Z" },
    { url = "https://files.pythonhosted.org/packages/01/c8/dc6ae86e3c61cfec1f178e5c9f7858584049b6093f843bca541f94120920/numpy-2.2.6-cp310-cp310-musllinux_1_2_x86_64.whl", hash = "sha256:8fc377d995680230e83241d8a96def29f204b5782f371c532579b4f20607a289", size = 18614185, upload-time = "2025-05-17T21:30:18.703Z" },
    { url = "https://files.pythonhosted.org/packages/5b/c5/0064b1b7e7c89137b471ccec1fd2282fceaae0ab3a9550f2568782d80357/numpy-2.2.6-cp310-cp310-win32.whl", hash = "sha256:b093dd74e50a8cba3e873868d9e93a85b78e0daf2e98c6797566ad8044e8363d", size = 6527149, upload-time = "2025-05-17T21:30:29.788Z" },
    { url = "https://files.pythonhosted.org/packages/a3/dd/4b822569d6b96c39d1215dbae0582fd99954dcbcf0c1a13c61783feaca3f/numpy-2.2.6-cp310-cp310-win_amd64.whl", hash = "sha256:f0fd6321b839904e15c46e0d257fdd101dd7f530fe03fd6359c1ea63738703f3", size = 12904620, upload-time = "2025-05-17T21:30:48.994Z" },
    { url = "https://files.pythonhosted.org/packages/9e/3b/d94a75f4dbf1ef5d321523ecac21ef23a3cd2ac8b78ae2aac40873590229/numpy-2.2.6-pp310-pypy310_pp73-macosx_10_15_x86_64.whl", hash = "sha256:0b605b275d7bd0c640cad4e5d30fa701a8d59302e127e5f79138ad62762c3e3d", size = 21040391, upload-time = "2025-05-17T21:44:35.948Z" },
    { url = "https://files.pythonhosted.org/packages/17/f4/09b2fa1b58f0fb4f7c7963a1649c64c4d315752240377ed74d9cd878f7b5/numpy-2.2.6-pp310-pypy310_pp73-macosx_14_0_x86_64.whl", hash = "sha256:7befc596a7dc9da8a337f79802ee8adb30a552a94f792b9c9d18c840055907db", size = 6786754, upload-time = "2025-05-17T21:44:47.446Z" },
    { url = "https://files.pythonhosted.org/packages/af/30/feba75f143bdc868a1cc3f44ccfa6c4b9ec522b36458e738cd00f67b573f/numpy-2.2.6-pp310-pypy310_pp73-manylinux_2_17_x86_64.manylinux2014_x86_64.whl", hash = "sha256:ce47521a4754c8f4593837384bd3424880629f718d87c5d44f8ed763edd63543", size = 16643476, upload-time = "2025-05-17T21:45:11.871Z" },
    { url = "https://files.pythonhosted.org/packages/37/48/ac2a9584402fb6c0cd5b5d1a91dcf176b15760130dd386bbafdbfe3640bf/numpy-2.2.6-pp310-pypy310_pp73-win_amd64.whl", hash = "sha256:d042d24c90c41b54fd506da306759e06e568864df8ec17ccc17e9e884634fd00", size = 12812666, upload-time = "2025-05-17T21:45:31.426Z" },
]

[[package]]
name = "packaging"
version = "26.2"
source = { registry = "https://pypi.org/simple" }
sdist = { url = "https://files.pythonhosted.org/packages/d7/f1/e7a6dd94a8d4a5626c03e4e99c87f241ba9e350cd9e6d75123f992427270/packaging-26.2.tar.gz", hash = "sha256:ff452ff5a3e828ce110190feff1178bb1f2ea2281fa2075aadb987c2fb221661", size = 228134, upload-time = "2026-04-24T20:15:23.917Z" }
wheels = [
    { url = "https://files.pythonhosted.org/packages/df/b2/87e62e8c3e2f4b32e5fe99e0b86d576da1312593b39f47d8ceef365e95ed/packaging-26.2-py3-none-any.whl", hash = "sha256:5fc45236b9446107ff2415ce77c807cee2862cb6fac22b8a73826d0693b0980e", size = 100195, upload-time = "2026-04-24T20:15:22.081Z" },
]

[[package]]
name = "pandas"
version = "2.3.3"
source = { registry = "https://pypi.org/simple" }
dependencies = [
    { name = "numpy" },
    { name = "python-dateutil" },
    { name = "pytz" },
    { name = "tzdata" },
]
sdist = { url = "https://files.pythonhosted.org/packages/33/01/d40b85317f86cf08d853a4f495195c73815fdf205eef3993821720274518/pandas-2.3.3.tar.gz", hash = "sha256:e05e1af93b977f7eafa636d043f9f94c7ee3ac81af99c13508215942e64c993b", size = 4495223, upload-time = "2025-09-29T23:34:51.853Z" }
wheels = [
    { url = "https://files.pythonhosted.org/packages/3d/f7/f425a00df4fcc22b292c6895c6831c0c8ae1d9fac1e024d16f98a9ce8749/pandas-2.3.3-cp310-cp310-macosx_10_9_x86_64.whl", hash = "sha256:376c6446ae31770764215a6c937f72d917f214b43560603cd60da6408f183b6c", size = 11555763, upload-time = "2025-09-29T23:16:53.287Z" },
    { url = "https://files.pythonhosted.org/packages/13/4f/66d99628ff8ce7857aca52fed8f0066ce209f96be2fede6cef9f84e8d04f/pandas-2.3.3-cp310-cp310-macosx_11_0_arm64.whl", hash = "sha256:e19d192383eab2f4ceb30b412b22ea30690c9e618f78870357ae1d682912015a", size = 10801217, upload-time = "2025-09-29T23:17:04.522Z" },
    { url = "https://files.pythonhosted.org/packages/1d/03/3fc4a529a7710f890a239cc496fc6d50ad4a0995657dccc1d64695adb9f4/pandas-2.3.3-cp310-cp310-manylinux_2_24_aarch64.manylinux_2_28_aarch64.whl", hash = "sha256:5caf26f64126b6c7aec964f74266f435afef1c1b13da3b0636c7518a1fa3e2b1", size = 12148791, upload-time = "2025-09-29T23:17:18.444Z" },
    { url = "https://files.pythonhosted.org/packages/40/a8/4dac1f8f8235e5d25b9955d02ff6f29396191d4e665d71122c3722ca83c5/pandas-2.3.3-cp310-cp310-manylinux_2_24_x86_64.manylinux_2_28_x86_64.whl", hash = "sha256:dd7478f1463441ae4ca7308a70e90b33470fa593429f9d4c578dd00d1fa78838", size = 12769373, upload-time = "2025-09-29T23:17:35.846Z" },
    { url = "https://files.pythonhosted.org/packages/df/91/82cc5169b6b25440a7fc0ef3a694582418d875c8e3ebf796a6d6470aa578/pandas-2.3.3-cp310-cp310-musllinux_1_2_aarch64.whl", hash = "sha256:4793891684806ae50d1288c9bae9330293ab4e083ccd1c5e383c34549c6e4250", size = 13200444, upload-time = "2025-09-29T23:17:49.341Z" },
    { url = "https://files.pythonhosted.org/packages/10/ae/89b3283800ab58f7af2952704078555fa60c807fff764395bb57ea0b0dbd/pandas-2.3.3-cp310-cp310-musllinux_1_2_x86_64.whl", hash = "sha256:28083c648d9a99a5dd035ec125d42439c6c1c525098c58af0fc38dd1a7a1b3d4", size = 13858459, upload-time = "2025-09-29T23:18:03.722Z" },
    { url = "https://files.pythonhosted.org/packages/85/72/530900610650f54a35a19476eca5104f38555afccda1aa11a92ee14cb21d/pandas-2.3.3-cp310-cp310-win_amd64.whl", hash = "sha256:503cf027cf9940d2ceaa1a93cfb5f8c8c7e6e90720a2850378f0b3f3b1e06826", size = 11346086, upload-time = "2025-09-29T23:18:18.505Z" },
]

[[package]]
name = "pendulum"
version = "3.2.0"
source = { registry = "https://pypi.org/simple" }
dependencies = [
    { name = "python-dateutil" },
    { name = "tzdata" },
]
sdist = { url = "https://files.pythonhosted.org/packages/cb/72/9a51afa0a822b09e286c4cb827ed7b00bc818dac7bd11a5f161e493a217d/pendulum-3.2.0.tar.gz", hash = "sha256:e80feda2d10fa3ff8b1526715f7d33dcb7e08494b3088f2c8a3ac92d4a4331ce", size = 86912, upload-time = "2026-01-30T11:22:24.093Z" }
wheels = [
    { url = "https://files.pythonhosted.org/packages/ca/a4/934d8c97851bda5a034b0fd0512689173c8ca8cb3b87ebf8e5c1364d57f3/pendulum-3.2.0-cp310-cp310-macosx_10_12_x86_64.whl", hash = "sha256:4a6bf778c6b42830b001c714dae5b9dad78da38e2e08203a4b0f5d53f8fa5e63", size = 338065, upload-time = "2026-01-30T11:20:36.467Z" },
    { url = "https://files.pythonhosted.org/packages/47/92/2091275a9025f9b9ef9bf72ae386786a9b03af9515f5e2f5befb012ec91f/pendulum-3.2.0-cp310-cp310-macosx_11_0_arm64.whl", hash = "sha256:625209bb7133d990905e8935e1c04f0a82315ae777b67910969b16f665d62c0b", size = 327426, upload-time = "2026-01-30T11:20:38.506Z" },
    { url = "https://files.pythonhosted.org/packages/fd/ba/efc999e5b441a470df28964531c3ee7fce90dd2c510969132bba5897084e/pendulum-3.2.0-cp310-cp310-manylinux_2_17_aarch64.manylinux2014_aarch64.whl", hash = "sha256:b6f1d8641e8bd48b9b6f77f96fd498d3ecec63611ba8e7207e63936307846042", size = 340362, upload-time = "2026-01-30T11:20:40.329Z" },
    { url = "https://files.pythonhosted.org/packages/8c/71/bc88d786f0a10fcfdc5a0bac75c6cdb38df13ee09bc04d2e6ac0d3fd7948/pendulum-3.2.0-cp310-cp310-manylinux_2_17_ppc64le.manylinux2014_ppc64le.whl", hash = "sha256:3a8d4212b1577ee3a034d18b360a9afa55bfc72789aeb805353be8b2ac132035", size = 373937, upload-time = "2026-01-30T11:20:42.242Z" },
    { url = "https://files.pythonhosted.org/packages/86/fb/48262b5b31fdfd68221cb92ab228657d0cd628fb35eca1a6f3aedad5ea09/pendulum-3.2.0-cp310-cp310-manylinux_2_17_s390x.manylinux2014_s390x.whl", hash = "sha256:e398d9e3db42d17f0c2cd39663c1c873ea6f11763ed6d126e2dcc92fc340d0dc", size = 379391, upload-time = "2026-01-30T11:20:43.736Z" },
    { url = "https://files.pythonhosted.org/packages/ae/72/cecb1710c36c6fe61e545050607c2050a2af0b991cf1a3d83981dfd895e8/pendulum-3.2.0-cp310-cp310-manylinux_2_17_x86_64.manylinux2014_x86_64.whl", hash = "sha256:04310463879a8d84534756ef9820d433e88b879203b6e10a5b416899dc05e7f1", size = 348433, upload-time = "2026-01-30T11:20:45.207Z" },
    { url = "https://files.pythonhosted.org/packages/5d/a5/ec00008ba2f3298047a32b53588550a7ead84c579e7d7e4396474ab2f1ef/pendulum-3.2.0-cp310-cp310-musllinux_1_1_aarch64.whl", hash = "sha256:5b4f7491951c11bbdb20893817352c9140d31d1ae333839c34c0bca081a50a86", size = 517623, upload-time = "2026-01-30T11:20:46.741Z" },
    { url = "https://files.pythonhosted.org/packages/f1/6f/541730ac4679e7f7ff5786aed21865c4f4a7d9b1d2693cfdbb891bdd5a5a/pendulum-3.2.0-cp310-cp310-musllinux_1_1_x86_64.whl", hash = "sha256:ffc169ad7595228d4dfc44d4e016846ff1bb5873b9f7ec70b0b1b51da0c77b3f", size = 561237, upload-time = "2026-01-30T11:20:48.252Z" },
    { url = "https://files.pythonhosted.org/packages/cf/c1/165f10f2e37978caf92a1dca71726e7cd5d8de4039f9f4a6d1994a9b8d7f/pendulum-3.2.0-cp310-cp310-win_amd64.whl", hash = "sha256:446f63d84ef21281844ceb45141536d3aabe291a821b6505e21a0d0e3ea95d67", size = 260733, upload-time = "2026-01-30T11:20:50.249Z" },
    { url = "https://files.pythonhosted.org/packages/02/fb/d65db067a67df7252f18b0cb7420dda84078b9e8bfb375215469c14a50be/pendulum-3.2.0-py3-none-any.whl", hash = "sha256:f3a9c18a89b4d9ef39c5fa6a78722aaff8d5be2597c129a3b16b9f40a561acf3", size = 114111, upload-time = "2026-01-30T11:22:22.361Z" },
]

[[package]]
name = "pluggy"
version = "1.6.0"
source = { registry = "https://pypi.org/simple" }
sdist = { url = "https://files.pythonhosted.org/packages/f9/e2/3e91f31a7d2b083fe6ef3fa267035b518369d9511ffab804f839851d2779/pluggy-1.6.0.tar.gz", hash = "sha256:7dcc130b76258d33b90f61b658791dede3486c3e6bfb003ee5c9bfb396dd22f3", size = 69412, upload-time = "2025-05-15T12:30:07.975Z" }
wheels = [
    { url = "https://files.pythonhosted.org/packages/54/20/4d324d65cc6d9205fabedc306948156824eb9f0ee1633355a8f7ec5c66bf/pluggy-1.6.0-py3-none-any.whl", hash = "sha256:e920276dd6813095e9377c0bc5566d94c932c33b27a3e3945d8389c374dd4746", size = 20538, upload-time = "2025-05-15T12:30:06.134Z" },
]

[[package]]
name = "pydantic"
version = "2.13.4"
source = { registry = "https://pypi.org/simple" }
dependencies = [
    { name = "annotated-types" },
    { name = "pydantic-core" },
    { name = "typing-extensions" },
    { name = "typing-inspection" },
]
sdist = { url = "https://files.pythonhosted.org/packages/18/a5/b60d21ac674192f8ab0ba4e9fd860690f9b4a6e51ca5df118733b487d8d6/pydantic-2.13.4.tar.gz", hash = "sha256:c40756b57adaa8b1efeeced5c196f3f3b7c435f90e84ea7f443901bec8099ef6", size = 844775, upload-time = "2026-05-06T13:43:05.343Z" }
wheels = [
    { url = "https://files.pythonhosted.org/packages/fd/7b/122376b1fd3c62c1ed9dc80c931ace4844b3c55407b6fb2d199377c9736f/pydantic-2.13.4-py3-none-any.whl", hash = "sha256:45a282cde31d808236fd7ea9d919b128653c8b38b393d1c4ab335c62924d9aba", size = 472262, upload-time = "2026-05-06T13:43:02.641Z" },
]

[[package]]
name = "pydantic-core"
version = "2.46.4"
source = { registry = "https://pypi.org/simple" }
dependencies = [
    { name = "typing-extensions" },
]
sdist = { url = "https://files.pythonhosted.org/packages/9d/56/921726b776ace8d8f5db44c4ef961006580d91dc52b803c489fafd1aa249/pydantic_core-2.46.4.tar.gz", hash = "sha256:62f875393d7f270851f20523dd2e29f082bcc82292d66db2b64ea71f64b6e1c1", size = 471464, upload-time = "2026-05-06T13:37:06.98Z" }
wheels = [
    { url = "https://files.pythonhosted.org/packages/e7/08/f1ba952f1c8ae5581c70fa9c6da89f247b83e3dd8c09c035d5d7931fc23d/pydantic_core-2.46.4-cp310-cp310-macosx_10_12_x86_64.whl", hash = "sha256:a396dcc17e5a0b164dbe026896245a4fa9ff402edca1dff0be3d53a517f74de4", size = 2113146, upload-time = "2026-05-06T13:37:36.537Z" },
    { url = "https://files.pythonhosted.org/packages/56/c6/65f646c7ff09bd257f660434adb45c4dfcbbcebcc030562fecf6f5bf887d/pydantic_core-2.46.4-cp310-cp310-macosx_11_0_arm64.whl", hash = "sha256:da4b951fe36dc7c3a1ccb4e3cd1747c3542b8c9ceede8fc86cae054e764485f5", size = 1949769, upload-time = "2026-05-06T13:37:46.365Z" },
    { url = "https://files.pythonhosted.org/packages/64/ba/bfb1d928fd5b49e1258935ff104ae356e9fd89384a55bf9f847e9193ad40/pydantic_core-2.46.4-cp310-cp310-manylinux_2_17_aarch64.manylinux2014_aarch64.whl", hash = "sha256:bb63e0198ca18aad131c089b9204c23079c3afa95487e561f4c522d519e55aba", size = 1974958, upload-time = "2026-05-06T13:37:28.611Z" },
    { url = "https://files.pythonhosted.org/packages/4e/74/76223bfb117b64af743c9b6670d1364516f5c0604f96b48f3272f6af6cc6/pydantic_core-2.46.4-cp310-cp310-manylinux_2_17_armv7l.manylinux2014_armv7l.whl", hash = "sha256:f47286a97f0bc9b8859519809077b91b2cefe4ae47fcbf5e466a009c1c5d742b", size = 2042118, upload-time = "2026-05-06T13:36:55.216Z" },
    { url = "https://files.pythonhosted.org/packages/cb/7b/848732968bc8f48f3187542f08358b9d842db564147b256669426ebb1652/pydantic_core-2.46.4-cp310-cp310-manylinux_2_17_ppc64le.manylinux2014_ppc64le.whl", hash = "sha256:905a0ed8ea6f2d61c1738835f99b699348d7857379083e5fc497fa0c967a407c", size = 2222876, upload-time = "2026-05-06T13:38:25.455Z" },
    { url = "https://files.pythonhosted.org/packages/b5/2f/e90b63ee2e14bd8d3db8f705a6d75d64e6ee1b7c2c8833747ce706e1e0ce/pydantic_core-2.46.4-cp310-cp310-manylinux_2_17_s390x.manylinux2014_s390x.whl", hash = "sha256:ea793e075b70290d89d8142074262885d3f7da19634845135751bd6344f73b50", size = 2286703, upload-time = "2026-05-06T13:37:53.304Z" },
    { url = "https://files.pythonhosted.org/packages/ba/1e/acc4d70f88a0a277e4a1fa77ebb985ceabaf900430f875bf9338e11c9420/pydantic_core-2.46.4-cp310-cp310-manylinux_2_17_x86_64.manylinux2014_x86_64.whl", hash = "sha256:395aebd9183f9d112f569aeb5b2214d1a10a33bec8456447f7fbdfa51d38d4cd", size = 2092042, upload-time = "2026-05-06T13:38:46.981Z" },
    { url = "https://files.pythonhosted.org/packages/a9/da/0a422b57bf8504102bf3c4ccea9c41bab5a5cee6a54650acf8faf67f5a24/pydantic_core-2.46.4-cp310-cp310-manylinux_2_31_riscv64.whl", hash = "sha256:b078afbc25f3a1436c7a1d2cd3e322497ee99615ba97c563566fdf46aff1ee01", size = 2117231, upload-time = "2026-05-06T13:39:23.146Z" },
    { url = "https://files.pythonhosted.org/packages/bd/2a/2ac13c3af305843e23c5078c53d135656b3f05a2fd78cb7bbbb12e97b473/pydantic_core-2.46.4-cp310-cp310-manylinux_2_5_i686.manylinux1_i686.whl", hash = "sha256:f747929cf940cddb5b3668a390056ddd5ba2e5010615ea2dcf4f9c4f3ab8791d", size = 2168388, upload-time = "2026-05-06T13:40:08.06Z" },
    { url = "https://files.pythonhosted.org/packages/72/04/2beacf7e1607e93eefe4aed1b4709f079b905fb77530179d4f7c71745f22/pydantic_core-2.46.4-cp310-cp310-musllinux_1_1_aarch64.whl", hash = "sha256:daa27d92c36f24388fe3ad306b174781c747627f134452e4f128ea00ce1fe8c4", size = 2184769, upload-time = "2026-05-06T13:38:13.901Z" },
    { url = "https://files.pythonhosted.org/packages/9e/29/d2b9fd9f539133548eaf622c06a4ce176cb46ac59f32d0359c4abc0de047/pydantic_core-2.46.4-cp310-cp310-musllinux_1_1_armv7l.whl", hash = "sha256:19e51f073cd3df251856a8a4189fbdf1de4012c3ebacfb1884f94f1eb406079f", size = 2319312, upload-time = "2026-05-06T13:39:08.24Z" },
    { url = "https://files.pythonhosted.org/packages/7c/af/0f7a5b85fec6075bea96e3ef9187de38fccced0de92c1e7feda8d5cc7bb9/pydantic_core-2.46.4-cp310-cp310-musllinux_1_1_x86_64.whl", hash = "sha256:c1747f85cee84c26985853c6f3d9bd3e75da5212912443fa111c113b9c246f39", size = 2361817, upload-time = "2026-05-06T13:38:43.2Z" },
    { url = "https://files.pythonhosted.org/packages/25/a4/73363fec545fd3ec025490bdda2743c56d0dd5b6266b1a53bbe9e4265375/pydantic_core-2.46.4-cp310-cp310-win32.whl", hash = "sha256:2f84c03c8607173d16b5a854ec68a2f9079ae03237a54fb506d13af47e1d018d", size = 1987085, upload-time = "2026-05-06T13:39:25.497Z" },
    { url = "https://files.pythonhosted.org/packages/01/aa/62f082da2c91fac1c234bc9ee0066257ce83f0604abd72e4c9d5991f2d84/pydantic_core-2.46.4-cp310-cp310-win_amd64.whl", hash = "sha256:8358a950c8909158e3df31538a7e4edc2d7265a7c54b47f0864d9e5bae9dcebf", size = 2074311, upload-time = "2026-05-06T13:39:59.922Z" },
]

[[package]]
name = "pygments"
version = "2.20.0"
source = { registry = "https://pypi.org/simple" }
sdist = { url = "https://files.pythonhosted.org/packages/c3/b2/bc9c9196916376152d655522fdcebac55e66de6603a76a02bca1b6414f6c/pygments-2.20.0.tar.gz", hash = "sha256:6757cd03768053ff99f3039c1a36d6c0aa0b263438fcab17520b30a303a82b5f", size = 4955991, upload-time = "2026-03-29T13:29:33.898Z" }
wheels = [
    { url = "https://files.pythonhosted.org/packages/f4/7e/a72dd26f3b0f4f2bf1dd8923c85f7ceb43172af56d63c7383eb62b332364/pygments-2.20.0-py3-none-any.whl", hash = "sha256:81a9e26dd42fd28a23a2d169d86d7ac03b46e2f8b59ed4698fb4785f946d0176", size = 1231151, upload-time = "2026-03-29T13:29:30.038Z" },
]

[[package]]
name = "pyotp"
version = "2.9.0"
source = { registry = "https://pypi.org/simple" }
sdist = { url = "https://files.pythonhosted.org/packages/f3/b2/1d5994ba2acde054a443bd5e2d384175449c7d2b6d1a0614dbca3a63abfc/pyotp-2.9.0.tar.gz", hash = "sha256:346b6642e0dbdde3b4ff5a930b664ca82abfa116356ed48cc42c7d6590d36f63", size = 17763, upload-time = "2023-07-27T23:41:03.295Z" }
wheels = [
    { url = "https://files.pythonhosted.org/packages/c3/c0/c33c8792c3e50193ef55adb95c1c3c2786fe281123291c2dbf0eaab95a6f/pyotp-2.9.0-py3-none-any.whl", hash = "sha256:81c2e5865b8ac55e825b0358e496e1d9387c811e85bb40e71a3b29b288963612", size = 13376, upload-time = "2023-07-27T23:41:01.685Z" },
]

[[package]]
name = "pytest"
version = "9.0.3"
source = { registry = "https://pypi.org/simple" }
dependencies = [
    { name = "colorama", marker = "sys_platform == 'win32'" },
    { name = "exceptiongroup" },
    { name = "iniconfig" },
    { name = "packaging" },
    { name = "pluggy" },
    { name = "pygments" },
    { name = "tomli" },
]
sdist = { url = "https://files.pythonhosted.org/packages/7d/0d/549bd94f1a0a402dc8cf64563a117c0f3765662e2e668477624baeec44d5/pytest-9.0.3.tar.gz", hash = "sha256:b86ada508af81d19edeb213c681b1d48246c1a91d304c6c81a427674c17eb91c", size = 1572165, upload-time = "2026-04-07T17:16:18.027Z" }
wheels = [
    { url = "https://files.pythonhosted.org/packages/d4/24/a372aaf5c9b7208e7112038812994107bc65a84cd00e0354a88c2c77a617/pytest-9.0.3-py3-none-any.whl", hash = "sha256:2c5efc453d45394fdd706ade797c0a81091eccd1d6e4bccfcd476e2b8e0ab5d9", size = 375249, upload-time = "2026-04-07T17:16:16.13Z" },
]

[[package]]
name = "python-dateutil"
version = "2.9.0.post0"
source = { registry = "https://pypi.org/simple" }
dependencies = [
    { name = "six" },
]
sdist = { url = "https://files.pythonhosted.org/packages/66/c0/0c8b6ad9f17a802ee498c46e004a0eb49bc148f2fd230864601a86dcf6db/python-dateutil-2.9.0.post0.tar.gz", hash = "sha256:37dd54208da7e1cd875388217d5e00ebd4179249f90fb72437e91a35459a0ad3", size = 342432, upload-time = "2024-03-01T18:36:20.211Z" }
wheels = [
    { url = "https://files.pythonhosted.org/packages/ec/57/56b9bcc3c9c6a792fcbaf139543cee77261f3651ca9da0c93f5c1221264b/python_dateutil-2.9.0.post0-py2.py3-none-any.whl", hash = "sha256:a8b2bc7bffae282281c8140a97d3aa9c14da0b136dfe83f850eea9a5f7470427", size = 229892, upload-time = "2024-03-01T18:36:18.57Z" },
]

[[package]]
name = "pytz"
version = "2026.2"
source = { registry = "https://pypi.org/simple" }
sdist = { url = "https://files.pythonhosted.org/packages/ff/46/dd499ec9038423421951e4fad73051febaa13d2df82b4064f87af8b8c0c3/pytz-2026.2.tar.gz", hash = "sha256:0e60b47b29f21574376f218fe21abc009894a2321ea16c6754f3cad6eb7cdd6a", size = 320861, upload-time = "2026-05-04T01:35:29.667Z" }
wheels = [
    { url = "https://files.pythonhosted.org/packages/ec/dd/96da98f892250475bdf2328112d7468abdd4acc7b902b6af23f4ed958ea0/pytz-2026.2-py2.py3-none-any.whl", hash = "sha256:04156e608bee23d3792fd45c94ae47fae1036688e75032eea2e3bf0323d1f126", size = 510141, upload-time = "2026-05-04T01:35:27.408Z" },
]

[[package]]
name = "pyyaml"
version = "6.0.3"
source = { registry = "https://pypi.org/simple" }
sdist = { url = "https://files.pythonhosted.org/packages/05/8e/961c0007c59b8dd7729d542c61a4d537767a59645b82a0b521206e1e25c2/pyyaml-6.0.3.tar.gz", hash = "sha256:d76623373421df22fb4cf8817020cbb7ef15c725b9d5e45f17e189bfc384190f", size = 130960, upload-time = "2025-09-25T21:33:16.546Z" }
wheels = [
    { url = "https://files.pythonhosted.org/packages/f4/a0/39350dd17dd6d6c6507025c0e53aef67a9293a6d37d3511f23ea510d5800/pyyaml-6.0.3-cp310-cp310-macosx_10_13_x86_64.whl", hash = "sha256:214ed4befebe12df36bcc8bc2b64b396ca31be9304b8f59e25c11cf94a4c033b", size = 184227, upload-time = "2025-09-25T21:31:46.04Z" },
    { url = "https://files.pythonhosted.org/packages/05/14/52d505b5c59ce73244f59c7a50ecf47093ce4765f116cdb98286a71eeca2/pyyaml-6.0.3-cp310-cp310-macosx_11_0_arm64.whl", hash = "sha256:02ea2dfa234451bbb8772601d7b8e426c2bfa197136796224e50e35a78777956", size = 174019, upload-time = "2025-09-25T21:31:47.706Z" },
    { url = "https://files.pythonhosted.org/packages/43/f7/0e6a5ae5599c838c696adb4e6330a59f463265bfa1e116cfd1fbb0abaaae/pyyaml-6.0.3-cp310-cp310-manylinux2014_aarch64.manylinux_2_17_aarch64.manylinux_2_28_aarch64.whl", hash = "sha256:b30236e45cf30d2b8e7b3e85881719e98507abed1011bf463a8fa23e9c3e98a8", size = 740646, upload-time = "2025-09-25T21:31:49.21Z" },
    { url = "https://files.pythonhosted.org/packages/2f/3a/61b9db1d28f00f8fd0ae760459a5c4bf1b941baf714e207b6eb0657d2578/pyyaml-6.0.3-cp310-cp310-manylinux2014_s390x.manylinux_2_17_s390x.manylinux_2_28_s390x.whl", hash = "sha256:66291b10affd76d76f54fad28e22e51719ef9ba22b29e1d7d03d6777a9174198", size = 840793, upload-time = "2025-09-25T21:31:50.735Z" },
    { url = "https://files.pythonhosted.org/packages/7a/1e/7acc4f0e74c4b3d9531e24739e0ab832a5edf40e64fbae1a9c01941cabd7/pyyaml-6.0.3-cp310-cp310-manylinux2014_x86_64.manylinux_2_17_x86_64.manylinux_2_28_x86_64.whl", hash = "sha256:9c7708761fccb9397fe64bbc0395abcae8c4bf7b0eac081e12b809bf47700d0b", size = 770293, upload-time = "2025-09-25T21:31:51.828Z" },
    { url = "https://files.pythonhosted.org/packages/8b/ef/abd085f06853af0cd59fa5f913d61a8eab65d7639ff2a658d18a25d6a89d/pyyaml-6.0.3-cp310-cp310-musllinux_1_2_aarch64.whl", hash = "sha256:418cf3f2111bc80e0933b2cd8cd04f286338bb88bdc7bc8e6dd775ebde60b5e0", size = 732872, upload-time = "2025-09-25T21:31:53.282Z" },
    { url = "https://files.pythonhosted.org/packages/1f/15/2bc9c8faf6450a8b3c9fc5448ed869c599c0a74ba2669772b1f3a0040180/pyyaml-6.0.3-cp310-cp310-musllinux_1_2_x86_64.whl", hash = "sha256:5e0b74767e5f8c593e8c9b5912019159ed0533c70051e9cce3e8b6aa699fcd69", size = 758828, upload-time = "2025-09-25T21:31:54.807Z" },
    { url = "https://files.pythonhosted.org/packages/a3/00/531e92e88c00f4333ce359e50c19b8d1de9fe8d581b1534e35ccfbc5f393/pyyaml-6.0.3-cp310-cp310-win32.whl", hash = "sha256:28c8d926f98f432f88adc23edf2e6d4921ac26fb084b028c733d01868d19007e", size = 142415, upload-time = "2025-09-25T21:31:55.885Z" },
    { url = "https://files.pythonhosted.org/packages/2a/fa/926c003379b19fca39dd4634818b00dec6c62d87faf628d1394e137354d4/pyyaml-6.0.3-cp310-cp310-win_amd64.whl", hash = "sha256:bdb2c67c6c1390b63c6ff89f210c8fd09d9a1217a465701eac7316313c915e4c", size = 158561, upload-time = "2025-09-25T21:31:57.406Z" },
]

[[package]]
name = "requests"
version = "2.34.2"
source = { registry = "https://pypi.org/simple" }
dependencies = [
    { name = "certifi" },
    { name = "charset-normalizer" },
    { name = "idna" },
    { name = "urllib3" },
]
sdist = { url = "https://files.pythonhosted.org/packages/ac/c3/e2a2b89f2d3e2179abd6d00ebd70bff6273f37fb3e0cc209f48b39d00cbf/requests-2.34.2.tar.gz", hash = "sha256:f288924cae4e29463698d6d60bc6a4da69c89185ad1e0bcc4104f584e960b9ed", size = 142856, upload-time = "2026-05-14T19:25:27.735Z" }
wheels = [
    { url = "https://files.pythonhosted.org/packages/a0/f4/c67b0b3f1b9245e8d266f0f112c500d50e5b4e83cb6f3b71b6528104182a/requests-2.34.2-py3-none-any.whl", hash = "sha256:2a0d60c172f83ac6ab31e4554906c0f3b3588d37b5cb939b1c061f4907e278e0", size = 73075, upload-time = "2026-05-14T19:25:26.443Z" },
]

[[package]]
name = "shared"
version = "0.1.0"
source = { editable = "packages/shared" }
dependencies = [
    { name = "toolkit" },
]

[package.metadata]
requires-dist = [{ name = "toolkit", git = "https://github.com/pannet1/toolkit" }]

[[package]]
name = "six"
version = "1.17.0"
source = { registry = "https://pypi.org/simple" }
sdist = { url = "https://files.pythonhosted.org/packages/94/e7/b2c673351809dca68a0e064b6af791aa332cf192da575fd474ed7d6f16a2/six-1.17.0.tar.gz", hash = "sha256:ff70335d468e7eb6ec65b95b99d3a2836546063f63acc5171de367e834932a81", size = 34031, upload-time = "2024-12-04T17:35:28.174Z" }
wheels = [
    { url = "https://files.pythonhosted.org/packages/b7/ce/149a00dd41f10bc29e5921b496af8b574d8413afcd5e30dfa0ed46c2cc5e/six-1.17.0-py2.py3-none-any.whl", hash = "sha256:4721f391ed90541fddacab5acf947aa0d3dc7d27b2e1e8eda2be8970586c3274", size = 11050, upload-time = "2024-12-04T17:35:26.475Z" },
]

[[package]]
name = "tomli"
version = "2.4.1"
source = { registry = "https://pypi.org/simple" }
sdist = { url = "https://files.pythonhosted.org/packages/22/de/48c59722572767841493b26183a0d1cc411d54fd759c5607c4590b6563a6/tomli-2.4.1.tar.gz", hash = "sha256:7c7e1a961a0b2f2472c1ac5b69affa0ae1132c39adcb67aba98568702b9cc23f", size = 17543, upload-time = "2026-03-25T20:22:03.828Z" }
wheels = [
    { url = "https://files.pythonhosted.org/packages/7b/61/cceae43728b7de99d9b847560c262873a1f6c98202171fd5ed62640b494b/tomli-2.4.1-py3-none-any.whl", hash = "sha256:0d85819802132122da43cb86656f8d1f8c6587d54ae7dcaf30e90533028b49fe", size = 14583, upload-time = "2026-03-25T20:22:03.012Z" },
]

[[package]]
name = "toolkit"
version = "0.0.0"
source = { git = "https://github.com/pannet1/toolkit#f12a3ce526ea2d330f412ccfe76cfbe8c13e0ff2" }

[[package]]
name = "typing-extensions"
version = "4.15.0"
source = { registry = "https://pypi.org/simple" }
sdist = { url = "https://files.pythonhosted.org/packages/72/94/1a15dd82efb362ac84269196e94cf00f187f7ed21c242792a923cdb1c61f/typing_extensions-4.15.0.tar.gz", hash = "sha256:0cea48d173cc12fa28ecabc3b837ea3cf6f38c6d1136f85cbaaf598984861466", size = 109391, upload-time = "2025-08-25T13:49:26.313Z" }
wheels = [
    { url = "https://files.pythonhosted.org/packages/18/67/36e9267722cc04a6b9f15c7f3441c2363321a3ea07da7ae0c0707beb2a9c/typing_extensions-4.15.0-py3-none-any.whl", hash = "sha256:f0fa19c6845758ab08074a0cfa8b7aecb71c999ca73d62883bc25cc018c4e548", size = 44614, upload-time = "2025-08-25T13:49:24.86Z" },
]

[[package]]
name = "typing-inspection"
version = "0.4.2"
source = { registry = "https://pypi.org/simple" }
dependencies = [
    { name = "typing-extensions" },
]
sdist = { url = "https://files.pythonhosted.org/packages/55/e3/70399cb7dd41c10ac53367ae42139cf4b1ca5f36bb3dc6c9d33acdb43655/typing_inspection-0.4.2.tar.gz", hash = "sha256:ba561c48a67c5958007083d386c3295464928b01faa735ab8547c5692e87f464", size = 75949, upload-time = "2025-10-01T02:14:41.687Z" }
wheels = [
    { url = "https://files.pythonhosted.org/packages/dc/9b/47798a6c91d8bdb567fe2698fe81e0c6b7cb7ef4d13da4114b41d239f65d/typing_inspection-0.4.2-py3-none-any.whl", hash = "sha256:4ed1cacbdc298c220f1bd249ed5287caa16f34d44ef4e9c3d0cbad5b521545e7", size = 14611, upload-time = "2025-10-01T02:14:40.154Z" },
]

[[package]]
name = "tzdata"
version = "2026.2"
source = { registry = "https://pypi.org/simple" }
sdist = { url = "https://files.pythonhosted.org/packages/ba/19/1b9b0e29f30c6d35cb345486df41110984ea67ae69dddbc0e8a100999493/tzdata-2026.2.tar.gz", hash = "sha256:9173fde7d80d9018e02a662e168e5a2d04f87c41ea174b139fbef642eda62d10", size = 198254, upload-time = "2026-04-24T15:22:08.651Z" }
wheels = [
    { url = "https://files.pythonhosted.org/packages/ce/e4/dccd7f47c4b64213ac01ef921a1337ee6e30e8c6466046018326977efd95/tzdata-2026.2-py2.py3-none-any.whl", hash = "sha256:bbe9af844f658da81a5f95019480da3a89415801f6cc966806612cc7169bffe7", size = 349321, upload-time = "2026-04-24T15:22:05.876Z" },
]

[[package]]
name = "urllib3"
version = "2.7.0"
source = { registry = "https://pypi.org/simple" }
sdist = { url = "https://files.pythonhosted.org/packages/53/0c/06f8b233b8fd13b9e5ee11424ef85419ba0d8ba0b3138bf360be2ff56953/urllib3-2.7.0.tar.gz", hash = "sha256:231e0ec3b63ceb14667c67be60f2f2c40a518cb38b03af60abc813da26505f4c", size = 433602, upload-time = "2026-05-07T16:13:18.596Z" }
wheels = [
    { url = "https://files.pythonhosted.org/packages/7f/3e/5db95bcf282c52709639744ca2a8b149baccf648e39c8cc87553df9eae0c/urllib3-2.7.0-py3-none-any.whl", hash = "sha256:9fb4c81ebbb1ce9531cce37674bbc6f1360472bc18ca9a553ede278ef7276897", size = 131087, upload-time = "2026-05-07T16:13:17.151Z" },
]

[[package]]
name = "websocket-client"
version = "1.9.0"
source = { registry = "https://pypi.org/simple" }
sdist = { url = "https://files.pythonhosted.org/packages/2c/41/aa4bf9664e4cda14c3b39865b12251e8e7d239f4cd0e3cc1b6c2ccde25c1/websocket_client-1.9.0.tar.gz", hash = "sha256:9e813624b6eb619999a97dc7958469217c3176312b3a16a4bd1bc7e08a46ec98", size = 70576, upload-time = "2025-10-07T21:16:36.495Z" }
wheels = [
    { url = "https://files.pythonhosted.org/packages/34/db/b10e48aa8fff7407e67470363eac595018441cf32d5e1001567a7aeba5d2/websocket_client-1.9.0-py3-none-any.whl", hash = "sha256:af248a825037ef591efbf6ed20cc5faa03d3b47b9e5a2230a529eeee1c1fc3ef", size = 82616, upload-time = "2025-10-07T21:16:34.951Z" },
]
